
Microsoft Visual Studio Solution File, Format Version 12.00
# Visual Studio Version 16
VisualStudioVersion = 16.0.29215.179
MinimumVisualStudioVersion = 10.0.40219.1
Project("{8BC9CEB8-8B4A-11D0-8D11-00A0C91BC942}") = "122PA6", "122PA6\122PA6.vcxproj", "{AD40FA11-35E9-4E54-B7DD-37331BEA89AE}"
EndProject
Global
	GlobalSection(SolutionConfigurationPlatforms) = preSolution
		Debug|x64 = Debug|x64
		Debug|x86 = Debug|x86
		Release|x64 = Release|x64
		Release|x86 = Release|x86
	EndGlobalSection
	GlobalSection(ProjectConfigurationPlatforms) = postSolution
		{AD40FA11-35E9-4E54-B7DD-37331BEA89AE}.Debug|x64.ActiveCfg = Debug|x64
		{AD40FA11-35E9-4E54-B7DD-37331BEA89AE}.Debug|x64.Build.0 = Debug|x64
		{AD40FA11-35E9-4E54-B7DD-37331BEA89AE}.Debug|x86.ActiveCfg = Debug|Win32
		{AD40FA11-35E9-4E54-B7DD-37331BEA89AE}.Debug|x86.Build.0 = Debug|Win32
		{AD40FA11-35E9-4E54-B7DD-37331BEA89AE}.Release|x64.ActiveCfg = Release|x64
		{AD40FA11-35E9-4E54-B7DD-37331BEA89AE}.Release|x64.Build.0 = Release|x64
		{AD40FA11-35E9-4E54-B7DD-37331BEA89AE}.Release|x86.ActiveCfg = Release|Win32
		{AD40FA11-35E9-4E54-B7DD-37331BEA89AE}.Release|x86.Build.0 = Release|Win32
	EndGlobalSection
	GlobalSection(SolutionProperties) = preSolution
		HideSolutionNode = FALSE
	EndGlobalSection
	GlobalSection(ExtensibilityGlobals) = postSolution
		SolutionGuid = {CCFF8507-2A0D-4FB0-B61F-17E2A06EC34B}
	EndGlobalSection
EndGlobal
